
Microsoft Visual Studio Solution File, Format Version 12.00
# Visual Studio Version 17
VisualStudioVersion = 17.5.33502.453
MinimumVisualStudioVersion = 10.0.40219.1
Project("{FAE04EC0-301F-11D3-BF4B-00C04F79EFBC}") = "Model", "Model\Model.csproj", "{12C03611-503A-461E-8557-C757F3621B71}"
EndProject
Project("{FAE04EC0-301F-11D3-BF4B-00C04F79EFBC}") = "ModelTests", "ModelTests\ModelTests.csproj", "{D70253C9-B028-4C58-9CE5-9534F6BB7A17}"
EndProject
Global
	GlobalSection(SolutionConfigurationPlatforms) = preSolution
		Debug|Any CPU = Debug|Any CPU
		Release|Any CPU = Release|Any CPU
	EndGlobalSection
	GlobalSection(ProjectConfigurationPlatforms) = postSolution
		{12C03611-503A-461E-8557-C757F3621B71}.Debug|Any CPU.ActiveCfg = Debug|Any CPU
		{12C03611-503A-461E-8557-C757F3621B71}.Debug|Any CPU.Build.0 = Debug|Any CPU
		{12C03611-503A-461E-8557-C757F3621B71}.Release|Any CPU.ActiveCfg = Release|Any CPU
		{12C03611-503A-461E-8557-C757F3621B71}.Release|Any CPU.Build.0 = Release|Any CPU
		{D70253C9-B028-4C58-9CE5-9534F6BB7A17}.Debug|Any CPU.ActiveCfg = Debug|Any CPU
		{D70253C9-B028-4C58-9CE5-9534F6BB7A17}.Debug|Any CPU.Build.0 = Debug|Any CPU
		{D70253C9-B028-4C58-9CE5-9534F6BB7A17}.Release|Any CPU.ActiveCfg = Release|Any CPU
		{D70253C9-B028-4C58-9CE5-9534F6BB7A17}.Release|Any CPU.Build.0 = Release|Any CPU
	EndGlobalSection
	GlobalSection(SolutionProperties) = preSolution
		HideSolutionNode = FALSE
	EndGlobalSection
	GlobalSection(ExtensibilityGlobals) = postSolution
		SolutionGuid = {52B90A9C-75CC-4915-8271-0A0ED93075F2}
	EndGlobalSection
EndGlobal
