<Solution>
  <Folder Name="/Model/">
    <File Path="Battleship.Model.csproj" />
    <File Path="Fleet.cs" />
    <File Path="FleetBuilder.cs" />
    <File Path="Grid.cs" />
    <File Path="Ship.cs" />
    <File Path="Square.cs" />
  </Folder>
  <Folder Name="/Tests/">
    <File Path="Battleship.Tests.csproj" />
    <File Path="MSTestSetting.cs" />
    <File Path="SquareTests.cs" />
  </Folder>
</Solution>
