
Microsoft Visual Studio Solution File, Format Version 12.00
# Visual Studio Version 16
VisualStudioVersion = 16.0.29806.167
MinimumVisualStudioVersion = 10.0.40219.1
Project("{FAE04EC0-301F-11D3-BF4B-00C04F79EFBC}") = "Model", "Model\Model.csproj", "{A340323B-A9AC-4DD6-B8EE-3EDAA68DCFCB}"
EndProject
Project("{FAE04EC0-301F-11D3-BF4B-00C04F79EFBC}") = "UnitTests", "UnitTests\UnitTests.csproj", "{5B17F9E6-91D5-44A2-91CC-07B851D94709}"
EndProject
Project("{2150E333-8FDC-42A3-9474-1A3956D46DE8}") = "Solution Items", "Solution Items", "{DAC04F96-D7AE-4F9E-A9CD-C3A229A58199}"
EndProject
Global
	GlobalSection(SolutionConfigurationPlatforms) = preSolution
		Debug|Any CPU = Debug|Any CPU
		Release|Any CPU = Release|Any CPU
	EndGlobalSection
	GlobalSection(ProjectConfigurationPlatforms) = postSolution
		{A340323B-A9AC-4DD6-B8EE-3EDAA68DCFCB}.Debug|Any CPU.ActiveCfg = Debug|Any CPU
		{A340323B-A9AC-4DD6-B8EE-3EDAA68DCFCB}.Debug|Any CPU.Build.0 = Debug|Any CPU
		{A340323B-A9AC-4DD6-B8EE-3EDAA68DCFCB}.Release|Any CPU.ActiveCfg = Release|Any CPU
		{A340323B-A9AC-4DD6-B8EE-3EDAA68DCFCB}.Release|Any CPU.Build.0 = Release|Any CPU
		{5B17F9E6-91D5-44A2-91CC-07B851D94709}.Debug|Any CPU.ActiveCfg = Debug|Any CPU
		{5B17F9E6-91D5-44A2-91CC-07B851D94709}.Debug|Any CPU.Build.0 = Debug|Any CPU
		{5B17F9E6-91D5-44A2-91CC-07B851D94709}.Release|Any CPU.ActiveCfg = Release|Any CPU
		{5B17F9E6-91D5-44A2-91CC-07B851D94709}.Release|Any CPU.Build.0 = Release|Any CPU
	EndGlobalSection
	GlobalSection(SolutionProperties) = preSolution
		HideSolutionNode = FALSE
	EndGlobalSection
	GlobalSection(ExtensibilityGlobals) = postSolution
		SolutionGuid = {3F24A1A8-B4B3-473F-BDF2-530FDB9D4779}
	EndGlobalSection
EndGlobal
